// !$*UTF8*$!
{
	archiveVersion = 1;
	classes = {
	};
	objectVersion = 55;
	objects = {

/* Begin PBXBuildFile section */
		126B39EF28BD94C7005F6044 /* AppDelegate.swift in Sources */ = {isa = PBXBuildFile; fileRef = 126B39EE28BD94C7005F6044 /* AppDelegate.swift */; };
		126B39F128BD94C7005F6044 /* SceneDelegate.swift in Sources */ = {isa = PBXBuildFile; fileRef = 126B39F028BD94C7005F6044 /* SceneDelegate.swift */; };
		126B39F328BD94C7005F6044 /* ViewController.swift in Sources */ = {isa = PBXBuildFile; fileRef = 126B39F228BD94C7005F6044 /* ViewController.swift */; };
		126B39F628BD94C7005F6044 /* Main.storyboard in Resources */ = {isa = PBXBuildFile; fileRef = 126B39F428BD94C7005F6044 /* Main.storyboard */; };
		126B39F828BD94C9005F6044 /* Assets.xcassets in Resources */ = {isa = PBXBuildFile; fileRef = 126B39F728BD94C9005F6044 /* Assets.xcassets */; };
		126B39FB28BD94C9005F6044 /* LaunchScreen.storyboard in Resources */ = {isa = PBXBuildFile; fileRef = 126B39F928BD94C9005F6044 /* LaunchScreen.storyboard */; };
		126B3A0428BD9500005F6044 /* LottoAPIManager.swift in Sources */ = {isa = PBXBuildFile; fileRef = 126B3A0328BD9500005F6044 /* LottoAPIManager.swift */; };
		126B3A0728BDA733005F6044 /* PersonAPIManager.swift in Sources */ = {isa = PBXBuildFile; fileRef = 126B3A0628BDA733005F6044 /* PersonAPIManager.swift */; };
		126B3A0928BDA889005F6044 /* Person.swift in Sources */ = {isa = PBXBuildFile; fileRef = 126B3A0828BDA889005F6044 /* Person.swift */; };
		126B3A0B28BDA896005F6044 /* Lotto.swift in Sources */ = {isa = PBXBuildFile; fileRef = 126B3A0A28BDA896005F6044 /* Lotto.swift */; };
		126B3A0D28BDB767005F6044 /* URLSession+Extension.swift in Sources */ = {isa = PBXBuildFile; fileRef = 126B3A0C28BDB767005F6044 /* URLSession+Extension.swift */; };
		128D004C28C037F300541EA9 /* Sample.swift in Sources */ = {isa = PBXBuildFile; fileRef = 128D004B28C037F300541EA9 /* Sample.swift */; };
		128D004E28C0484900541EA9 /* LoginViewController.swift in Sources */ = {isa = PBXBuildFile; fileRef = 128D004D28C0484900541EA9 /* LoginViewController.swift */; };
		128D005028C049FB00541EA9 /* LoginViewModel.swift in Sources */ = {isa = PBXBuildFile; fileRef = 128D004F28C049FB00541EA9 /* LoginViewModel.swift */; };
		128D005228C05B0F00541EA9 /* LottoViewController.swift in Sources */ = {isa = PBXBuildFile; fileRef = 128D005128C05B0F00541EA9 /* LottoViewController.swift */; };
		128D005428C05C1100541EA9 /* LottoViewModel.swift in Sources */ = {isa = PBXBuildFile; fileRef = 128D005328C05C1100541EA9 /* LottoViewModel.swift */; };
		12ADFE4528BEF8D9004335BD /* Observable.swift in Sources */ = {isa = PBXBuildFile; fileRef = 12ADFE4428BEF8D9004335BD /* Observable.swift */; };
		12ADFE4728BEFC10004335BD /* PersonViewModel.swift in Sources */ = {isa = PBXBuildFile; fileRef = 12ADFE4628BEFC10004335BD /* PersonViewModel.swift */; };
/* End PBXBuildFile section */

/* Begin PBXFileReference section */
		126B39EB28BD94C7005F6044 /* SeSACWeek9.app */ = {isa = PBXFileReference; explicitFileType = wrapper.application; includeInIndex = 0; path = SeSACWeek9.app; sourceTree = BUILT_PRODUCTS_DIR; };
		126B39EE28BD94C7005F6044 /* AppDelegate.swift */ = {isa = PBXFileReference; lastKnownFileType = sourcecode.swift; path = AppDelegate.swift; sourceTree = "<group>"; };
		126B39F028BD94C7005F6044 /* SceneDelegate.swift */ = {isa = PBXFileReference; lastKnownFileType = sourcecode.swift; path = SceneDelegate.swift; sourceTree = "<group>"; };
		126B39F228BD94C7005F6044 /* ViewController.swift */ = {isa = PBXFileReference; lastKnownFileType = sourcecode.swift; path = ViewController.swift; sourceTree = "<group>"; };
		126B39F528BD94C7005F6044 /* Base */ = {isa = PBXFileReference; lastKnownFileType = file.storyboard; name = Base; path = Base.lproj/Main.storyboard; sourceTree = "<group>"; };
		126B39F728BD94C9005F6044 /* Assets.xcassets */ = {isa = PBXFileReference; lastKnownFileType = folder.assetcatalog; path = Assets.xcassets; sourceTree = "<group>"; };
		126B39FA28BD94C9005F6044 /* Base */ = {isa = PBXFileReference; lastKnownFileType = file.storyboard; name = Base; path = Base.lproj/LaunchScreen.storyboard; sourceTree = "<group>"; };
		126B39FC28BD94C9005F6044 /* Info.plist */ = {isa = PBXFileReference; lastKnownFileType = text.plist.xml; path = Info.plist; sourceTree = "<group>"; };
		126B3A0328BD9500005F6044 /* LottoAPIManager.swift */ = {isa = PBXFileReference; lastKnownFileType = sourcecode.swift; path = LottoAPIManager.swift; sourceTree = "<group>"; };
		126B3A0628BDA733005F6044 /* PersonAPIManager.swift */ = {isa = PBXFileReference; lastKnownFileType = sourcecode.swift; path = PersonAPIManager.swift; sourceTree = "<group>"; };
		126B3A0828BDA889005F6044 /* Person.swift */ = {isa = PBXFileReference; lastKnownFileType = sourcecode.swift; path = Person.swift; sourceTree = "<group>"; };
		126B3A0A28BDA896005F6044 /* Lotto.swift */ = {isa = PBXFileReference; lastKnownFileType = sourcecode.swift; path = Lotto.swift; sourceTree = "<group>"; };
		126B3A0C28BDB767005F6044 /* URLSession+Extension.swift */ = {isa = PBXFileReference; lastKnownFileType = sourcecode.swift; path = "URLSession+Extension.swift"; sourceTree = "<group>"; };
		128D004B28C037F300541EA9 /* Sample.swift */ = {isa = PBXFileReference; lastKnownFileType = sourcecode.swift; path = Sample.swift; sourceTree = "<group>"; };
		128D004D28C0484900541EA9 /* LoginViewController.swift */ = {isa = PBXFileReference; lastKnownFileType = sourcecode.swift; path = LoginViewController.swift; sourceTree = "<group>"; };
		128D004F28C049FB00541EA9 /* LoginViewModel.swift */ = {isa = PBXFileReference; lastKnownFileType = sourcecode.swift; path = LoginViewModel.swift; sourceTree = "<group>"; };
		128D005128C05B0F00541EA9 /* LottoViewController.swift */ = {isa = PBXFileReference; lastKnownFileType = sourcecode.swift; path = LottoViewController.swift; sourceTree = "<group>"; };
		128D005328C05C1100541EA9 /* LottoViewModel.swift */ = {isa = PBXFileReference; lastKnownFileType = sourcecode.swift; path = LottoViewModel.swift; sourceTree = "<group>"; };
		12ADFE4428BEF8D9004335BD /* Observable.swift */ = {isa = PBXFileReference; lastKnownFileType = sourcecode.swift; path = Observable.swift; sourceTree = "<group>"; };
		12ADFE4628BEFC10004335BD /* PersonViewModel.swift */ = {isa = PBXFileReference; lastKnownFileType = sourcecode.swift; path = PersonViewModel.swift; sourceTree = "<group>"; };
/* End PBXFileReference section */

/* Begin PBXFrameworksBuildPhase section */
		126B39E828BD94C7005F6044 /* Frameworks */ = {
			isa = PBXFrameworksBuildPhase;
			buildActionMask = 2147483647;
			files = (
			);
			runOnlyForDeploymentPostprocessing = 0;
		};
/* End PBXFrameworksBuildPhase section */

/* Begin PBXGroup section */
		126B39E228BD94C7005F6044 = {
			isa = PBXGroup;
			children = (
				126B39ED28BD94C7005F6044 /* SeSACWeek9 */,
				126B39EC28BD94C7005F6044 /* Products */,
			);
			sourceTree = "<group>";
		};
		126B39EC28BD94C7005F6044 /* Products */ = {
			isa = PBXGroup;
			children = (
				126B39EB28BD94C7005F6044 /* SeSACWeek9.app */,
			);
			name = Products;
			sourceTree = "<group>";
		};
		126B39ED28BD94C7005F6044 /* SeSACWeek9 */ = {
			isa = PBXGroup;
			children = (
				126B3A0528BDA728005F6044 /* Person */,
				126B3A0228BD94DF005F6044 /* Lotto */,
				126B39EE28BD94C7005F6044 /* AppDelegate.swift */,
				126B39F028BD94C7005F6044 /* SceneDelegate.swift */,
				126B39F228BD94C7005F6044 /* ViewController.swift */,
				126B39F428BD94C7005F6044 /* Main.storyboard */,
				128D004D28C0484900541EA9 /* LoginViewController.swift */,
				128D004F28C049FB00541EA9 /* LoginViewModel.swift */,
				126B39F728BD94C9005F6044 /* Assets.xcassets */,
				126B39F928BD94C9005F6044 /* LaunchScreen.storyboard */,
				126B39FC28BD94C9005F6044 /* Info.plist */,
				126B3A0C28BDB767005F6044 /* URLSession+Extension.swift */,
				12ADFE4428BEF8D9004335BD /* Observable.swift */,
				128D004B28C037F300541EA9 /* Sample.swift */,
			);
			path = SeSACWeek9;
			sourceTree = "<group>";
		};
		126B3A0228BD94DF005F6044 /* Lotto */ = {
			isa = PBXGroup;
			children = (
				126B3A0328BD9500005F6044 /* LottoAPIManager.swift */,
				126B3A0A28BDA896005F6044 /* Lotto.swift */,
				128D005128C05B0F00541EA9 /* LottoViewController.swift */,
				128D005328C05C1100541EA9 /* LottoViewModel.swift */,
			);
			path = Lotto;
			sourceTree = "<group>";
		};
		126B3A0528BDA728005F6044 /* Person */ = {
			isa = PBXGroup;
			children = (
				126B3A0628BDA733005F6044 /* PersonAPIManager.swift */,
				126B3A0828BDA889005F6044 /* Person.swift */,
				12ADFE4628BEFC10004335BD /* PersonViewModel.swift */,
			);
			path = Person;
			sourceTree = "<group>";
		};
/* End PBXGroup section */

/* Begin PBXNativeTarget section */
		126B39EA28BD94C7005F6044 /* SeSACWeek9 */ = {
			isa = PBXNativeTarget;
			buildConfigurationList = 126B39FF28BD94C9005F6044 /* Build configuration list for PBXNativeTarget "SeSACWeek9" */;
			buildPhases = (
				126B39E728BD94C7005F6044 /* Sources */,
				126B39E828BD94C7005F6044 /* Frameworks */,
				126B39E928BD94C7005F6044 /* Resources */,
			);
			buildRules = (
			);
			dependencies = (
			);
			name = SeSACWeek9;
			productName = SeSACWeek9;
			productReference = 126B39EB28BD94C7005F6044 /* SeSACWeek9.app */;
			productType = "com.apple.product-type.application";
		};
/* End PBXNativeTarget section */

/* Begin PBXProject section */
		126B39E328BD94C7005F6044 /* Project object */ = {
			isa = PBXProject;
			attributes = {
				BuildIndependentTargetsInParallel = 1;
				LastSwiftUpdateCheck = 1340;
				LastUpgradeCheck = 1340;
				TargetAttributes = {
					126B39EA28BD94C7005F6044 = {
						CreatedOnToolsVersion = 13.4.1;
					};
				};
			};
			buildConfigurationList = 126B39E628BD94C7005F6044 /* Build configuration list for PBXProject "SeSACWeek9" */;
			compatibilityVersion = "Xcode 13.0";
			developmentRegion = en;
			hasScannedForEncodings = 0;
			knownRegions = (
				en,
				Base,
			);
			mainGroup = 126B39E228BD94C7005F6044;
			productRefGroup = 126B39EC28BD94C7005F6044 /* Products */;
			projectDirPath = "";
			projectRoot = "";
			targets = (
				126B39EA28BD94C7005F6044 /* SeSACWeek9 */,
			);
		};
/* End PBXProject section */

/* Begin PBXResourcesBuildPhase section */
		126B39E928BD94C7005F6044 /* Resources */ = {
			isa = PBXResourcesBuildPhase;
			buildActionMask = 2147483647;
			files = (
				126B39FB28BD94C9005F6044 /* LaunchScreen.storyboard in Resources */,
				126B39F828BD94C9005F6044 /* Assets.xcassets in Resources */,
				126B39F628BD94C7005F6044 /* Main.storyboard in Resources */,
			);
			runOnlyForDeploymentPostprocessing = 0;
		};
/* End PBXResourcesBuildPhase section */

/* Begin PBXSourcesBuildPhase section */
		126B39E728BD94C7005F6044 /* Sources */ = {
			isa = PBXSourcesBuildPhase;
			buildActionMask = 2147483647;
			files = (
				128D004E28C0484900541EA9 /* LoginViewController.swift in Sources */,
				126B3A0928BDA889005F6044 /* Person.swift in Sources */,
				12ADFE4728BEFC10004335BD /* PersonViewModel.swift in Sources */,
				128D005228C05B0F00541EA9 /* LottoViewController.swift in Sources */,
				126B39F328BD94C7005F6044 /* ViewController.swift in Sources */,
				128D005428C05C1100541EA9 /* LottoViewModel.swift in Sources */,
				126B39EF28BD94C7005F6044 /* AppDelegate.swift in Sources */,
				126B39F128BD94C7005F6044 /* SceneDelegate.swift in Sources */,
				12ADFE4528BEF8D9004335BD /* Observable.swift in Sources */,
				126B3A0D28BDB767005F6044 /* URLSession+Extension.swift in Sources */,
				128D005028C049FB00541EA9 /* LoginViewModel.swift in Sources */,
				126B3A0B28BDA896005F6044 /* Lotto.swift in Sources */,
				126B3A0428BD9500005F6044 /* LottoAPIManager.swift in Sources */,
				128D004C28C037F300541EA9 /* Sample.swift in Sources */,
				126B3A0728BDA733005F6044 /* PersonAPIManager.swift in Sources */,
			);
			runOnlyForDeploymentPostprocessing = 0;
		};
/* End PBXSourcesBuildPhase section */

/* Begin PBXVariantGroup section */
		126B39F428BD94C7005F6044 /* Main.storyboard */ = {
			isa = PBXVariantGroup;
			children = (
				126B39F528BD94C7005F6044 /* Base */,
			);
			name = Main.storyboard;
			sourceTree = "<group>";
		};
		126B39F928BD94C9005F6044 /* LaunchScreen.storyboard */ = {
			isa = PBXVariantGroup;
			children = (
				126B39FA28BD94C9005F6044 /* Base */,
			);
			name = LaunchScreen.storyboard;
			sourceTree = "<group>";
		};
/* End PBXVariantGroup section */

/* Begin XCBuildConfiguration section */
		126B39FD28BD94C9005F6044 /* Debug */ = {
			isa = XCBuildConfiguration;
			buildSettings = {
				ALWAYS_SEARCH_USER_PATHS = NO;
				CLANG_ANALYZER_NONNULL = YES;
				CLANG_ANALYZER_NUMBER_OBJECT_CONVERSION = YES_AGGRESSIVE;
				CLANG_CXX_LANGUAGE_STANDARD = "gnu++17";
				CLANG_ENABLE_MODULES = YES;
				CLANG_ENABLE_OBJC_ARC = YES;
				CLANG_ENABLE_OBJC_WEAK = YES;
				CLANG_WARN_BLOCK_CAPTURE_AUTORELEASING = YES;
				CLANG_WARN_BOOL_CONVERSION = YES;
				CLANG_WARN_COMMA = YES;
				CLANG_WARN_CONSTANT_CONVERSION = YES;
				CLANG_WARN_DEPRECATED_OBJC_IMPLEMENTATIONS = YES;
				CLANG_WARN_DIRECT_OBJC_ISA_USAGE = YES_ERROR;
				CLANG_WARN_DOCUMENTATION_COMMENTS = YES;
				CLANG_WARN_EMPTY_BODY = YES;
				CLANG_WARN_ENUM_CONVERSION = YES;
				CLANG_WARN_INFINITE_RECURSION = YES;
				CLANG_WARN_INT_CONVERSION = YES;
				CLANG_WARN_NON_LITERAL_NULL_CONVERSION = YES;
				CLANG_WARN_OBJC_IMPLICIT_RETAIN_SELF = YES;
				CLANG_WARN_OBJC_LITERAL_CONVERSION = YES;
				CLANG_WARN_OBJC_ROOT_CLASS = YES_ERROR;
				CLANG_WARN_QUOTED_INCLUDE_IN_FRAMEWORK_HEADER = YES;
				CLANG_WARN_RANGE_LOOP_ANALYSIS = YES;
				CLANG_WARN_STRICT_PROTOTYPES = YES;
				CLANG_WARN_SUSPICIOUS_MOVE = YES;
				CLANG_WARN_UNGUARDED_AVAILABILITY = YES_AGGRESSIVE;
				CLANG_WARN_UNREACHABLE_CODE = YES;
				CLANG_WARN__DUPLICATE_METHOD_MATCH = YES;
				COPY_PHASE_STRIP = NO;
				DEBUG_INFORMATION_FORMAT = dwarf;
				ENABLE_STRICT_OBJC_MSGSEND = YES;
				ENABLE_TESTABILITY = YES;
				GCC_C_LANGUAGE_STANDARD = gnu11;
				GCC_DYNAMIC_NO_PIC = NO;
				GCC_NO_COMMON_BLOCKS = YES;
				GCC_OPTIMIZATION_LEVEL = 0;
				GCC_PREPROCESSOR_DEFINITIONS = (
					"DEBUG=1",
					"$(inherited)",
				);
				GCC_WARN_64_TO_32_BIT_CONVERSION = YES;
				GCC_WARN_ABOUT_RETURN_TYPE = YES_ERROR;
				GCC_WARN_UNDECLARED_SELECTOR = YES;
				GCC_WARN_UNINITIALIZED_AUTOS = YES_AGGRESSIVE;
				GCC_WARN_UNUSED_FUNCTION = YES;
				GCC_WARN_UNUSED_VARIABLE = YES;
				IPHONEOS_DEPLOYMENT_TARGET = 15.5;
				MTL_ENABLE_DEBUG_INFO = INCLUDE_SOURCE;
				MTL_FAST_MATH = YES;
				ONLY_ACTIVE_ARCH = YES;
				SDKROOT = iphoneos;
				SWIFT_ACTIVE_COMPILATION_CONDITIONS = DEBUG;
				SWIFT_OPTIMIZATION_LEVEL = "-Onone";
			};
			name = Debug;
		};
		126B39FE28BD94C9005F6044 /* Release */ = {
			isa = XCBuildConfiguration;
			buildSettings = {
				ALWAYS_SEARCH_USER_PATHS = NO;
				CLANG_ANALYZER_NONNULL = YES;
				CLANG_ANALYZER_NUMBER_OBJECT_CONVERSION = YES_AGGRESSIVE;
				CLANG_CXX_LANGUAGE_STANDARD = "gnu++17";
				CLANG_ENABLE_MODULES = YES;
				CLANG_ENABLE_OBJC_ARC = YES;
				CLANG_ENABLE_OBJC_WEAK = YES;
				CLANG_WARN_BLOCK_CAPTURE_AUTORELEASING = YES;
				CLANG_WARN_BOOL_CONVERSION = YES;
				CLANG_WARN_COMMA = YES;
				CLANG_WARN_CONSTANT_CONVERSION = YES;
				CLANG_WARN_DEPRECATED_OBJC_IMPLEMENTATIONS = YES;
				CLANG_WARN_DIRECT_OBJC_ISA_USAGE = YES_ERROR;
				CLANG_WARN_DOCUMENTATION_COMMENTS = YES;
				CLANG_WARN_EMPTY_BODY = YES;
				CLANG_WARN_ENUM_CONVERSION = YES;
				CLANG_WARN_INFINITE_RECURSION = YES;
				CLANG_WARN_INT_CONVERSION = YES;
				CLANG_WARN_NON_LITERAL_NULL_CONVERSION = YES;
				CLANG_WARN_OBJC_IMPLICIT_RETAIN_SELF = YES;
				CLANG_WARN_OBJC_LITERAL_CONVERSION = YES;
				CLANG_WARN_OBJC_ROOT_CLASS = YES_ERROR;
				CLANG_WARN_QUOTED_INCLUDE_IN_FRAMEWORK_HEADER = YES;
				CLANG_WARN_RANGE_LOOP_ANALYSIS = YES;
				CLANG_WARN_STRICT_PROTOTYPES = YES;
				CLANG_WARN_SUSPICIOUS_MOVE = YES;
				CLANG_WARN_UNGUARDED_AVAILABILITY = YES_AGGRESSIVE;
				CLANG_WARN_UNREACHABLE_CODE = YES;
				CLANG_WARN__DUPLICATE_METHOD_MATCH = YES;
				COPY_PHASE_STRIP = NO;
				DEBUG_INFORMATION_FORMAT = "dwarf-with-dsym";
				ENABLE_NS_ASSERTIONS = NO;
				ENABLE_STRICT_OBJC_MSGSEND = YES;
				GCC_C_LANGUAGE_STANDARD = gnu11;
				GCC_NO_COMMON_BLOCKS = YES;
				GCC_WARN_64_TO_32_BIT_CONVERSION = YES;
				GCC_WARN_ABOUT_RETURN_TYPE = YES_ERROR;
				GCC_WARN_UNDECLARED_SELECTOR = YES;
				GCC_WARN_UNINITIALIZED_AUTOS = YES_AGGRESSIVE;
				GCC_WARN_UNUSED_FUNCTION = YES;
				GCC_WARN_UNUSED_VARIABLE = YES;
				IPHONEOS_DEPLOYMENT_TARGET = 15.5;
				MTL_ENABLE_DEBUG_INFO = NO;
				MTL_FAST_MATH = YES;
				SDKROOT = iphoneos;
				SWIFT_COMPILATION_MODE = wholemodule;
				SWIFT_OPTIMIZATION_LEVEL = "-O";
				VALIDATE_PRODUCT = YES;
			};
			name = Release;
		};
		126B3A0028BD94C9005F6044 /* Debug */ = {
			isa = XCBuildConfiguration;
			buildSettings = {
				ASSETCATALOG_COMPILER_APPICON_NAME = AppIcon;
				ASSETCATALOG_COMPILER_GLOBAL_ACCENT_COLOR_NAME = AccentColor;
				CODE_SIGN_STYLE = Automatic;
				CURRENT_PROJECT_VERSION = 1;
				DEVELOPMENT_TEAM = 9QNSJTHSUQ;
				GENERATE_INFOPLIST_FILE = YES;
				INFOPLIST_FILE = SeSACWeek9/Info.plist;
				INFOPLIST_KEY_UIApplicationSupportsIndirectInputEvents = YES;
				INFOPLIST_KEY_UILaunchStoryboardName = LaunchScreen;
				INFOPLIST_KEY_UIMainStoryboardFile = Main;
				INFOPLIST_KEY_UISupportedInterfaceOrientations_iPad = "UIInterfaceOrientationPortrait UIInterfaceOrientationPortraitUpsideDown UIInterfaceOrientationLandscapeLeft UIInterfaceOrientationLandscapeRight";
				INFOPLIST_KEY_UISupportedInterfaceOrientations_iPhone = "UIInterfaceOrientationPortrait UIInterfaceOrientationLandscapeLeft UIInterfaceOrientationLandscapeRight";
				LD_RUNPATH_SEARCH_PATHS = (
					"$(inherited)",
					"@executable_path/Frameworks",
				);
				MARKETING_VERSION = 1.0;
				PRODUCT_BUNDLE_IDENTIFIER = com.joongwon.SeSACWeek9;
				PRODUCT_NAME = "$(TARGET_NAME)";
				SWIFT_EMIT_LOC_STRINGS = YES;
				SWIFT_VERSION = 5.0;
				TARGETED_DEVICE_FAMILY = "1,2";
			};
			name = Debug;
		};
		126B3A0128BD94C9005F6044 /* Release */ = {
			isa = XCBuildConfiguration;
			buildSettings = {
				ASSETCATALOG_COMPILER_APPICON_NAME = AppIcon;
				ASSETCATALOG_COMPILER_GLOBAL_ACCENT_COLOR_NAME = AccentColor;
				CODE_SIGN_STYLE = Automatic;
				CURRENT_PROJECT_VERSION = 1;
				DEVELOPMENT_TEAM = 9QNSJTHSUQ;
				GENERATE_INFOPLIST_FILE = YES;
				INFOPLIST_FILE = SeSACWeek9/Info.plist;
				INFOPLIST_KEY_UIApplicationSupportsIndirectInputEvents = YES;
				INFOPLIST_KEY_UILaunchStoryboardName = LaunchScreen;
				INFOPLIST_KEY_UIMainStoryboardFile = Main;
				INFOPLIST_KEY_UISupportedInterfaceOrientations_iPad = "UIInterfaceOrientationPortrait UIInterfaceOrientationPortraitUpsideDown UIInterfaceOrientationLandscapeLeft UIInterfaceOrientationLandscapeRight";
				INFOPLIST_KEY_UISupportedInterfaceOrientations_iPhone = "UIInterfaceOrientationPortrait UIInterfaceOrientationLandscapeLeft UIInterfaceOrientationLandscapeRight";
				LD_RUNPATH_SEARCH_PATHS = (
					"$(inherited)",
					"@executable_path/Frameworks",
				);
				MARKETING_VERSION = 1.0;
				PRODUCT_BUNDLE_IDENTIFIER = com.joongwon.SeSACWeek9;
				PRODUCT_NAME = "$(TARGET_NAME)";
				SWIFT_EMIT_LOC_STRINGS = YES;
				SWIFT_VERSION = 5.0;
				TARGETED_DEVICE_FAMILY = "1,2";
			};
			name = Release;
		};
/* End XCBuildConfiguration section */

/* Begin XCConfigurationList section */
		126B39E628BD94C7005F6044 /* Build configuration list for PBXProject "SeSACWeek9" */ = {
			isa = XCConfigurationList;
			buildConfigurations = (
				126B39FD28BD94C9005F6044 /* Debug */,
				126B39FE28BD94C9005F6044 /* Release */,
			);
			defaultConfigurationIsVisible = 0;
			defaultConfigurationName = Release;
		};
		126B39FF28BD94C9005F6044 /* Build configuration list for PBXNativeTarget "SeSACWeek9" */ = {
			isa = XCConfigurationList;
			buildConfigurations = (
				126B3A0028BD94C9005F6044 /* Debug */,
				126B3A0128BD94C9005F6044 /* Release */,
			);
			defaultConfigurationIsVisible = 0;
			defaultConfigurationName = Release;
		};
/* End XCConfigurationList section */
	};
	rootObject = 126B39E328BD94C7005F6044 /* Project object */;
}
